
Microsoft Visual Studio Solution File, Format Version 12.00
# Visual Studio Version 17
VisualStudioVersion = 17.11.35431.28
MinimumVisualStudioVersion = 10.0.40219.1
Project("{9A19103F-16F7-4668-BE54-9A1E7A4F7556}") = "wincompose", "wincompose\wincompose.csproj", "{E00DB4B7-3738-47F4-B430-B10EFFB36205}"
	ProjectSection(ProjectDependencies) = postProject
		{91D61EB7-36A9-449F-B8AE-D151928026DA} = {91D61EB7-36A9-449F-B8AE-D151928026DA}
		{C037D608-57FD-4ACD-AAC1-BFAD1767B11B} = {C037D608-57FD-4ACD-AAC1-BFAD1767B11B}
	EndProjectSection
EndProject
Project("{FAE04EC0-301F-11D3-BF4B-00C04F79EFBC}") = "installer", "installer\installer.csproj", "{55AF5191-E02C-4445-A578-D209A40C0AC7}"
	ProjectSection(ProjectDependencies) = postProject
		{91D61EB7-36A9-449F-B8AE-D151928026DA} = {91D61EB7-36A9-449F-B8AE-D151928026DA}
		{BBA0B950-2B67-4660-BAD0-C359E99A733F} = {BBA0B950-2B67-4660-BAD0-C359E99A733F}
		{E00DB4B7-3738-47F4-B430-B10EFFB36205} = {E00DB4B7-3738-47F4-B430-B10EFFB36205}
	EndProjectSection
EndProject
Project("{8BC9CEB8-8B4A-11D0-8D11-00A0C91BC942}") = "installer-helper", "installer\installer-helper.vcxproj", "{91D61EB7-36A9-449F-B8AE-D151928026DA}"
EndProject
Project("{FAE04EC0-301F-11D3-BF4B-00C04F79EFBC}") = "wincompose-tests", "..\tests\wincompose-tests.csproj", "{7EF72322-8A15-49B1-9E92-777B16B84BD1}"
EndProject
Project("{9A19103F-16F7-4668-BE54-9A1E7A4F7556}") = "language", "language\language.csproj", "{BBA0B950-2B67-4660-BAD0-C359E99A733F}"
EndProject
Project("{FAE04EC0-301F-11D3-BF4B-00C04F79EFBC}") = "inserticons", "3rdparty\inserticons\inserticons.csproj", "{C037D608-57FD-4ACD-AAC1-BFAD1767B11B}"
EndProject
Project("{9A19103F-16F7-4668-BE54-9A1E7A4F7556}") = "NotifyIconWpf", "3rdparty\wpf-notifyicon\src\NotifyIconWpf\NotifyIconWpf.csproj", "{7AC63864-7638-41C4-969C-D3197EF2BED9}"
EndProject
Global
	GlobalSection(SolutionConfigurationPlatforms) = preSolution
		Debug|Any CPU = Debug|Any CPU
		Debug|Mixed Platforms = Debug|Mixed Platforms
		Debug|Win32 = Debug|Win32
		Release|Any CPU = Release|Any CPU
		Release|Mixed Platforms = Release|Mixed Platforms
		Release|Win32 = Release|Win32
	EndGlobalSection
	GlobalSection(ProjectConfigurationPlatforms) = postSolution
		{E00DB4B7-3738-47F4-B430-B10EFFB36205}.Debug|Any CPU.ActiveCfg = Debug|Any CPU
		{E00DB4B7-3738-47F4-B430-B10EFFB36205}.Debug|Any CPU.Build.0 = Debug|Any CPU
		{E00DB4B7-3738-47F4-B430-B10EFFB36205}.Debug|Mixed Platforms.ActiveCfg = Debug|Any CPU
		{E00DB4B7-3738-47F4-B430-B10EFFB36205}.Debug|Mixed Platforms.Build.0 = Debug|Any CPU
		{E00DB4B7-3738-47F4-B430-B10EFFB36205}.Debug|Win32.ActiveCfg = Debug|Any CPU
		{E00DB4B7-3738-47F4-B430-B10EFFB36205}.Debug|Win32.Build.0 = Debug|Any CPU
		{E00DB4B7-3738-47F4-B430-B10EFFB36205}.Release|Any CPU.ActiveCfg = Release|Any CPU
		{E00DB4B7-3738-47F4-B430-B10EFFB36205}.Release|Any CPU.Build.0 = Release|Any CPU
		{E00DB4B7-3738-47F4-B430-B10EFFB36205}.Release|Mixed Platforms.ActiveCfg = Release|Any CPU
		{E00DB4B7-3738-47F4-B430-B10EFFB36205}.Release|Mixed Platforms.Build.0 = Release|Any CPU
		{E00DB4B7-3738-47F4-B430-B10EFFB36205}.Release|Win32.ActiveCfg = Release|Any CPU
		{E00DB4B7-3738-47F4-B430-B10EFFB36205}.Release|Win32.Build.0 = Release|Any CPU
		{55AF5191-E02C-4445-A578-D209A40C0AC7}.Debug|Any CPU.ActiveCfg = Debug|Any CPU
		{55AF5191-E02C-4445-A578-D209A40C0AC7}.Debug|Any CPU.Build.0 = Debug|Any CPU
		{55AF5191-E02C-4445-A578-D209A40C0AC7}.Debug|Mixed Platforms.ActiveCfg = Debug|Any CPU
		{55AF5191-E02C-4445-A578-D209A40C0AC7}.Debug|Mixed Platforms.Build.0 = Debug|Any CPU
		{55AF5191-E02C-4445-A578-D209A40C0AC7}.Debug|Win32.ActiveCfg = Debug|Any CPU
		{55AF5191-E02C-4445-A578-D209A40C0AC7}.Debug|Win32.Build.0 = Debug|Any CPU
		{55AF5191-E02C-4445-A578-D209A40C0AC7}.Release|Any CPU.ActiveCfg = Release|Any CPU
		{55AF5191-E02C-4445-A578-D209A40C0AC7}.Release|Any CPU.Build.0 = Release|Any CPU
		{55AF5191-E02C-4445-A578-D209A40C0AC7}.Release|Mixed Platforms.ActiveCfg = Release|Any CPU
		{55AF5191-E02C-4445-A578-D209A40C0AC7}.Release|Mixed Platforms.Build.0 = Release|Any CPU
		{55AF5191-E02C-4445-A578-D209A40C0AC7}.Release|Win32.ActiveCfg = Release|Any CPU
		{55AF5191-E02C-4445-A578-D209A40C0AC7}.Release|Win32.Build.0 = Release|Any CPU
		{91D61EB7-36A9-449F-B8AE-D151928026DA}.Debug|Any CPU.ActiveCfg = Debug|Win32
		{91D61EB7-36A9-449F-B8AE-D151928026DA}.Debug|Any CPU.Build.0 = Debug|Win32
		{91D61EB7-36A9-449F-B8AE-D151928026DA}.Debug|Mixed Platforms.ActiveCfg = Debug|Win32
		{91D61EB7-36A9-449F-B8AE-D151928026DA}.Debug|Mixed Platforms.Build.0 = Debug|Win32
		{91D61EB7-36A9-449F-B8AE-D151928026DA}.Debug|Win32.ActiveCfg = Debug|Win32
		{91D61EB7-36A9-449F-B8AE-D151928026DA}.Debug|Win32.Build.0 = Debug|Win32
		{91D61EB7-36A9-449F-B8AE-D151928026DA}.Release|Any CPU.ActiveCfg = Release|Win32
		{91D61EB7-36A9-449F-B8AE-D151928026DA}.Release|Any CPU.Build.0 = Release|Win32
		{91D61EB7-36A9-449F-B8AE-D151928026DA}.Release|Mixed Platforms.ActiveCfg = Release|Win32
		{91D61EB7-36A9-449F-B8AE-D151928026DA}.Release|Mixed Platforms.Build.0 = Release|Win32
		{91D61EB7-36A9-449F-B8AE-D151928026DA}.Release|Win32.ActiveCfg = Release|Win32
		{91D61EB7-36A9-449F-B8AE-D151928026DA}.Release|Win32.Build.0 = Release|Win32
		{7EF72322-8A15-49B1-9E92-777B16B84BD1}.Debug|Any CPU.ActiveCfg = Debug|Any CPU
		{7EF72322-8A15-49B1-9E92-777B16B84BD1}.Debug|Any CPU.Build.0 = Debug|Any CPU
		{7EF72322-8A15-49B1-9E92-777B16B84BD1}.Debug|Mixed Platforms.ActiveCfg = Debug|Any CPU
		{7EF72322-8A15-49B1-9E92-777B16B84BD1}.Debug|Mixed Platforms.Build.0 = Debug|Any CPU
		{7EF72322-8A15-49B1-9E92-777B16B84BD1}.Debug|Win32.ActiveCfg = Debug|Any CPU
		{7EF72322-8A15-49B1-9E92-777B16B84BD1}.Debug|Win32.Build.0 = Debug|Any CPU
		{7EF72322-8A15-49B1-9E92-777B16B84BD1}.Release|Any CPU.ActiveCfg = Release|Any CPU
		{7EF72322-8A15-49B1-9E92-777B16B84BD1}.Release|Any CPU.Build.0 = Release|Any CPU
		{7EF72322-8A15-49B1-9E92-777B16B84BD1}.Release|Mixed Platforms.ActiveCfg = Release|Any CPU
		{7EF72322-8A15-49B1-9E92-777B16B84BD1}.Release|Mixed Platforms.Build.0 = Release|Any CPU
		{7EF72322-8A15-49B1-9E92-777B16B84BD1}.Release|Win32.ActiveCfg = Release|Any CPU
		{7EF72322-8A15-49B1-9E92-777B16B84BD1}.Release|Win32.Build.0 = Release|Any CPU
		{BBA0B950-2B67-4660-BAD0-C359E99A733F}.Debug|Any CPU.ActiveCfg = Debug|Any CPU
		{BBA0B950-2B67-4660-BAD0-C359E99A733F}.Debug|Any CPU.Build.0 = Debug|Any CPU
		{BBA0B950-2B67-4660-BAD0-C359E99A733F}.Debug|Mixed Platforms.ActiveCfg = Debug|Any CPU
		{BBA0B950-2B67-4660-BAD0-C359E99A733F}.Debug|Mixed Platforms.Build.0 = Debug|Any CPU
		{BBA0B950-2B67-4660-BAD0-C359E99A733F}.Debug|Win32.ActiveCfg = Debug|Any CPU
		{BBA0B950-2B67-4660-BAD0-C359E99A733F}.Debug|Win32.Build.0 = Debug|Any CPU
		{BBA0B950-2B67-4660-BAD0-C359E99A733F}.Release|Any CPU.ActiveCfg = Release|Any CPU
		{BBA0B950-2B67-4660-BAD0-C359E99A733F}.Release|Any CPU.Build.0 = Release|Any CPU
		{BBA0B950-2B67-4660-BAD0-C359E99A733F}.Release|Mixed Platforms.ActiveCfg = Release|Any CPU
		{BBA0B950-2B67-4660-BAD0-C359E99A733F}.Release|Mixed Platforms.Build.0 = Release|Any CPU
		{BBA0B950-2B67-4660-BAD0-C359E99A733F}.Release|Win32.ActiveCfg = Release|Any CPU
		{BBA0B950-2B67-4660-BAD0-C359E99A733F}.Release|Win32.Build.0 = Release|Any CPU
		{C037D608-57FD-4ACD-AAC1-BFAD1767B11B}.Debug|Any CPU.ActiveCfg = Debug|Any CPU
		{C037D608-57FD-4ACD-AAC1-BFAD1767B11B}.Debug|Any CPU.Build.0 = Debug|Any CPU
		{C037D608-57FD-4ACD-AAC1-BFAD1767B11B}.Debug|Mixed Platforms.ActiveCfg = Debug|Any CPU
		{C037D608-57FD-4ACD-AAC1-BFAD1767B11B}.Debug|Mixed Platforms.Build.0 = Debug|Any CPU
		{C037D608-57FD-4ACD-AAC1-BFAD1767B11B}.Debug|Win32.ActiveCfg = Debug|Any CPU
		{C037D608-57FD-4ACD-AAC1-BFAD1767B11B}.Debug|Win32.Build.0 = Debug|Any CPU
		{C037D608-57FD-4ACD-AAC1-BFAD1767B11B}.Release|Any CPU.ActiveCfg = Release|Any CPU
		{C037D608-57FD-4ACD-AAC1-BFAD1767B11B}.Release|Any CPU.Build.0 = Release|Any CPU
		{C037D608-57FD-4ACD-AAC1-BFAD1767B11B}.Release|Mixed Platforms.ActiveCfg = Release|Any CPU
		{C037D608-57FD-4ACD-AAC1-BFAD1767B11B}.Release|Mixed Platforms.Build.0 = Release|Any CPU
		{C037D608-57FD-4ACD-AAC1-BFAD1767B11B}.Release|Win32.ActiveCfg = Release|Any CPU
		{C037D608-57FD-4ACD-AAC1-BFAD1767B11B}.Release|Win32.Build.0 = Release|Any CPU
		{7AC63864-7638-41C4-969C-D3197EF2BED9}.Debug|Any CPU.ActiveCfg = Debug|Any CPU
		{7AC63864-7638-41C4-969C-D3197EF2BED9}.Debug|Any CPU.Build.0 = Debug|Any CPU
		{7AC63864-7638-41C4-969C-D3197EF2BED9}.Debug|Mixed Platforms.ActiveCfg = Debug|Any CPU
		{7AC63864-7638-41C4-969C-D3197EF2BED9}.Debug|Mixed Platforms.Build.0 = Debug|Any CPU
		{7AC63864-7638-41C4-969C-D3197EF2BED9}.Debug|Win32.ActiveCfg = Debug|Any CPU
		{7AC63864-7638-41C4-969C-D3197EF2BED9}.Debug|Win32.Build.0 = Debug|Any CPU
		{7AC63864-7638-41C4-969C-D3197EF2BED9}.Release|Any CPU.ActiveCfg = Release|Any CPU
		{7AC63864-7638-41C4-969C-D3197EF2BED9}.Release|Any CPU.Build.0 = Release|Any CPU
		{7AC63864-7638-41C4-969C-D3197EF2BED9}.Release|Mixed Platforms.ActiveCfg = Release|Any CPU
		{7AC63864-7638-41C4-969C-D3197EF2BED9}.Release|Mixed Platforms.Build.0 = Release|Any CPU
		{7AC63864-7638-41C4-969C-D3197EF2BED9}.Release|Win32.ActiveCfg = Release|Any CPU
		{7AC63864-7638-41C4-969C-D3197EF2BED9}.Release|Win32.Build.0 = Release|Any CPU
	EndGlobalSection
	GlobalSection(SolutionProperties) = preSolution
		HideSolutionNode = FALSE
	EndGlobalSection
	GlobalSection(ExtensibilityGlobals) = postSolution
		SolutionGuid = {6D21E39C-DC83-4A48-BB76-0CDB52FE8A60}
	EndGlobalSection
EndGlobal
